
Microsoft Visual Studio Solution File, Format Version 12.00
# Visual Studio Version 16
VisualStudioVersion = 16.0.29306.81
MinimumVisualStudioVersion = 10.0.40219.1
Project("{9A19103F-16F7-4668-BE54-9A1E7A4F7556}") = "Testing Program", "Testing Program.csproj", "{32234934-C0F3-43C9-A76C-59DC479456C0}"
EndProject
Global
	GlobalSection(SolutionConfigurationPlatforms) = preSolution
		Debug|Any CPU = Debug|Any CPU
		Release|Any CPU = Release|Any CPU
	EndGlobalSection
	GlobalSection(ProjectConfigurationPlatforms) = postSolution
		{32234934-C0F3-43C9-A76C-59DC479456C0}.Debug|Any CPU.ActiveCfg = Debug|Any CPU
		{32234934-C0F3-43C9-A76C-59DC479456C0}.Debug|Any CPU.Build.0 = Debug|Any CPU
		{32234934-C0F3-43C9-A76C-59DC479456C0}.Release|Any CPU.ActiveCfg = Release|Any CPU
		{32234934-C0F3-43C9-A76C-59DC479456C0}.Release|Any CPU.Build.0 = Release|Any CPU
	EndGlobalSection
	GlobalSection(SolutionProperties) = preSolution
		HideSolutionNode = FALSE
	EndGlobalSection
	GlobalSection(ExtensibilityGlobals) = postSolution
		SolutionGuid = {4E72D669-0330-4EA5-BD47-5FF535E9FBD1}
	EndGlobalSection
EndGlobal
